// !$*UTF8*$!
{
	archiveVersion = 1;
	classes = {
	};
	objectVersion = 46;
	objects = {

/* Begin PBXBuildFile section */
		189436A11ED537AE00F5DA3D /* AppDelegate.swift in Sources */ = {isa = PBXBuildFile; fileRef = 189436A01ED537AE00F5DA3D /* AppDelegate.swift */; };
		189436A61ED537AE00F5DA3D /* Main.storyboard in Resources */ = {isa = PBXBuildFile; fileRef = 189436A41ED537AE00F5DA3D /* Main.storyboard */; };
		189436A81ED537AE00F5DA3D /* Assets.xcassets in Resources */ = {isa = PBXBuildFile; fileRef = 189436A71ED537AE00F5DA3D /* Assets.xcassets */; };
		189436AB1ED537AE00F5DA3D /* LaunchScreen.storyboard in Resources */ = {isa = PBXBuildFile; fileRef = 189436A91ED537AE00F5DA3D /* LaunchScreen.storyboard */; };
		189436BD1ED5407A00F5DA3D /* SignInVC.swift in Sources */ = {isa = PBXBuildFile; fileRef = 189436BC1ED5407A00F5DA3D /* SignInVC.swift */; };
		189436BF1ED54C2300F5DA3D /* GoogleService-Info.plist in Resources */ = {isa = PBXBuildFile; fileRef = 189436BE1ED54C2300F5DA3D /* GoogleService-Info.plist */; };
		DFC6C21E7153382DE029A3A6 /* Pods_UberDriverApp.framework in Frameworks */ = {isa = PBXBuildFile; fileRef = 6AC39B743E3202A405681E37 /* Pods_UberDriverApp.framework */; };
/* End PBXBuildFile section */

/* Begin PBXFileReference section */
		1894369D1ED537AE00F5DA3D /* UberDriverApp.app */ = {isa = PBXFileReference; explicitFileType = wrapper.application; includeInIndex = 0; path = UberDriverApp.app; sourceTree = BUILT_PRODUCTS_DIR; };
		189436A01ED537AE00F5DA3D /* AppDelegate.swift */ = {isa = PBXFileReference; lastKnownFileType = sourcecode.swift; path = AppDelegate.swift; sourceTree = "<group>"; };
		189436A51ED537AE00F5DA3D /* Base */ = {isa = PBXFileReference; lastKnownFileType = file.storyboard; name = Base; path = Base.lproj/Main.storyboard; sourceTree = "<group>"; };
		189436A71ED537AE00F5DA3D /* Assets.xcassets */ = {isa = PBXFileReference; lastKnownFileType = folder.assetcatalog; path = Assets.xcassets; sourceTree = "<group>"; };
		189436AA1ED537AE00F5DA3D /* Base */ = {isa = PBXFileReference; lastKnownFileType = file.storyboard; name = Base; path = Base.lproj/LaunchScreen.storyboard; sourceTree = "<group>"; };
		189436AC1ED537AE00F5DA3D /* Info.plist */ = {isa = PBXFileReference; lastKnownFileType = text.plist.xml; path = Info.plist; sourceTree = "<group>"; };
		189436BC1ED5407A00F5DA3D /* SignInVC.swift */ = {isa = PBXFileReference; fileEncoding = 4; lastKnownFileType = sourcecode.swift; path = SignInVC.swift; sourceTree = "<group>"; };
		189436BE1ED54C2300F5DA3D /* GoogleService-Info.plist */ = {isa = PBXFileReference; fileEncoding = 4; lastKnownFileType = text.plist.xml; path = "GoogleService-Info.plist"; sourceTree = "<group>"; };
		2CD93A05ECCDC6E8E9A5915B /* Pods-UberDriverApp.release.xcconfig */ = {isa = PBXFileReference; includeInIndex = 1; lastKnownFileType = text.xcconfig; name = "Pods-UberDriverApp.release.xcconfig"; path = "Pods/Target Support Files/Pods-UberDriverApp/Pods-UberDriverApp.release.xcconfig"; sourceTree = "<group>"; };
		6AC39B743E3202A405681E37 /* Pods_UberDriverApp.framework */ = {isa = PBXFileReference; explicitFileType = wrapper.framework; includeInIndex = 0; path = Pods_UberDriverApp.framework; sourceTree = BUILT_PRODUCTS_DIR; };
		B4D823D76F0F2FE22776F8AB /* Pods-UberDriverApp.debug.xcconfig */ = {isa = PBXFileReference; includeInIndex = 1; lastKnownFileType = text.xcconfig; name = "Pods-UberDriverApp.debug.xcconfig"; path = "Pods/Target Support Files/Pods-UberDriverApp/Pods-UberDriverApp.debug.xcconfig"; sourceTree = "<group>"; };
/* End PBXFileReference section */

/* Begin PBXFrameworksBuildPhase section */
		1894369A1ED537AE00F5DA3D /* Frameworks */ = {
			isa = PBXFrameworksBuildPhase;
			buildActionMask = 2147483647;
			files = (
				DFC6C21E7153382DE029A3A6 /* Pods_UberDriverApp.framework in Frameworks */,
			);
			runOnlyForDeploymentPostprocessing = 0;
		};
/* End PBXFrameworksBuildPhase section */

/* Begin PBXGroup section */
		189436941ED537AE00F5DA3D = {
			isa = PBXGroup;
			children = (
				1894369F1ED537AE00F5DA3D /* UberDriverApp */,
				1894369E1ED537AE00F5DA3D /* Products */,
				97F18F1DE1EF70F5FD69D61B /* Pods */,
				AA7874FA87A54374F021247A /* Frameworks */,
			);
			sourceTree = "<group>";
		};
		1894369E1ED537AE00F5DA3D /* Products */ = {
			isa = PBXGroup;
			children = (
				1894369D1ED537AE00F5DA3D /* UberDriverApp.app */,
			);
			name = Products;
			sourceTree = "<group>";
		};
		1894369F1ED537AE00F5DA3D /* UberDriverApp */ = {
			isa = PBXGroup;
			children = (
				189436BB1ED5406200F5DA3D /* Controller */,
				189436BA1ED5405D00F5DA3D /* View */,
				189436B91ED5405600F5DA3D /* Model */,
				189436A01ED537AE00F5DA3D /* AppDelegate.swift */,
				189436A41ED537AE00F5DA3D /* Main.storyboard */,
				189436A71ED537AE00F5DA3D /* Assets.xcassets */,
				189436A91ED537AE00F5DA3D /* LaunchScreen.storyboard */,
				189436AC1ED537AE00F5DA3D /* Info.plist */,
				189436BE1ED54C2300F5DA3D /* GoogleService-Info.plist */,
			);
			path = UberDriverApp;
			sourceTree = "<group>";
		};
		189436B91ED5405600F5DA3D /* Model */ = {
			isa = PBXGroup;
			children = (
			);
			name = Model;
			sourceTree = "<group>";
		};
		189436BA1ED5405D00F5DA3D /* View */ = {
			isa = PBXGroup;
			children = (
			);
			name = View;
			sourceTree = "<group>";
		};
		189436BB1ED5406200F5DA3D /* Controller */ = {
			isa = PBXGroup;
			children = (
				189436BC1ED5407A00F5DA3D /* SignInVC.swift */,
			);
			name = Controller;
			sourceTree = "<group>";
		};
		97F18F1DE1EF70F5FD69D61B /* Pods */ = {
			isa = PBXGroup;
			children = (
				B4D823D76F0F2FE22776F8AB /* Pods-UberDriverApp.debug.xcconfig */,
				2CD93A05ECCDC6E8E9A5915B /* Pods-UberDriverApp.release.xcconfig */,
			);
			name = Pods;
			sourceTree = "<group>";
		};
		AA7874FA87A54374F021247A /* Frameworks */ = {
			isa = PBXGroup;
			children = (
				6AC39B743E3202A405681E37 /* Pods_UberDriverApp.framework */,
			);
			name = Frameworks;
			sourceTree = "<group>";
		};
/* End PBXGroup section */

/* Begin PBXNativeTarget section */
		1894369C1ED537AE00F5DA3D /* UberDriverApp */ = {
			isa = PBXNativeTarget;
			buildConfigurationList = 189436AF1ED537AE00F5DA3D /* Build configuration list for PBXNativeTarget "UberDriverApp" */;
			buildPhases = (
				D0FB680335A5CF79C42FBF19 /* [CP] Check Pods Manifest.lock */,
				189436991ED537AE00F5DA3D /* Sources */,
				1894369A1ED537AE00F5DA3D /* Frameworks */,
				1894369B1ED537AE00F5DA3D /* Resources */,
				8DE51D5D7D16D9DD073C6C57 /* [CP] Embed Pods Frameworks */,
				CD751F81FA1AEAD54D8817DA /* [CP] Copy Pods Resources */,
			);
			buildRules = (
			);
			dependencies = (
			);
			name = UberDriverApp;
			productName = UberDriverApp;
			productReference = 1894369D1ED537AE00F5DA3D /* UberDriverApp.app */;
			productType = "com.apple.product-type.application";
		};
/* End PBXNativeTarget section */

/* Begin PBXProject section */
		189436951ED537AE00F5DA3D /* Project object */ = {
			isa = PBXProject;
			attributes = {
				LastSwiftUpdateCheck = 0830;
				LastUpgradeCheck = 0830;
				ORGANIZATIONNAME = WadeSellers;
				TargetAttributes = {
					1894369C1ED537AE00F5DA3D = {
						CreatedOnToolsVersion = 8.3.2;
						DevelopmentTeam = GV76VP4G8V;
						ProvisioningStyle = Automatic;
					};
				};
			};
			buildConfigurationList = 189436981ED537AE00F5DA3D /* Build configuration list for PBXProject "UberDriverApp" */;
			compatibilityVersion = "Xcode 3.2";
			developmentRegion = English;
			hasScannedForEncodings = 0;
			knownRegions = (
				en,
				Base,
			);
			mainGroup = 189436941ED537AE00F5DA3D;
			productRefGroup = 1894369E1ED537AE00F5DA3D /* Products */;
			projectDirPath = "";
			projectRoot = "";
			targets = (
				1894369C1ED537AE00F5DA3D /* UberDriverApp */,
			);
		};
/* End PBXProject section */

/* Begin PBXResourcesBuildPhase section */
		1894369B1ED537AE00F5DA3D /* Resources */ = {
			isa = PBXResourcesBuildPhase;
			buildActionMask = 2147483647;
			files = (
				189436AB1ED537AE00F5DA3D /* LaunchScreen.storyboard in Resources */,
				189436BF1ED54C2300F5DA3D /* GoogleService-Info.plist in Resources */,
				189436A81ED537AE00F5DA3D /* Assets.xcassets in Resources */,
				189436A61ED537AE00F5DA3D /* Main.storyboard in Resources */,
			);
			runOnlyForDeploymentPostprocessing = 0;
		};
/* End PBXResourcesBuildPhase section */

/* Begin PBXShellScriptBuildPhase section */
		8DE51D5D7D16D9DD073C6C57 /* [CP] Embed Pods Frameworks */ = {
			isa = PBXShellScriptBuildPhase;
			buildActionMask = 2147483647;
			files = (
			);
			inputPaths = (
			);
			name = "[CP] Embed Pods Frameworks";
			outputPaths = (
			);
			runOnlyForDeploymentPostprocessing = 0;
			shellPath = /bin/sh;
			shellScript = "\"${SRCROOT}/Pods/Target Support Files/Pods-UberDriverApp/Pods-UberDriverApp-frameworks.sh\"\n";
			showEnvVarsInLog = 0;
		};
		CD751F81FA1AEAD54D8817DA /* [CP] Copy Pods Resources */ = {
			isa = PBXShellScriptBuildPhase;
			buildActionMask = 2147483647;
			files = (
			);
			inputPaths = (
			);
			name = "[CP] Copy Pods Resources";
			outputPaths = (
			);
			runOnlyForDeploymentPostprocessing = 0;
			shellPath = /bin/sh;
			shellScript = "\"${SRCROOT}/Pods/Target Support Files/Pods-UberDriverApp/Pods-UberDriverApp-resources.sh\"\n";
			showEnvVarsInLog = 0;
		};
		D0FB680335A5CF79C42FBF19 /* [CP] Check Pods Manifest.lock */ = {
			isa = PBXShellScriptBuildPhase;
			buildActionMask = 2147483647;
			files = (
			);
			inputPaths = (
			);
			name = "[CP] Check Pods Manifest.lock";
			outputPaths = (
			);
			runOnlyForDeploymentPostprocessing = 0;
			shellPath = /bin/sh;
			shellScript = "diff \"${PODS_PODFILE_DIR_PATH}/Podfile.lock\" \"${PODS_ROOT}/Manifest.lock\" > /dev/null\nif [ $? != 0 ] ; then\n    # print error to STDERR\n    echo \"error: The sandbox is not in sync with the Podfile.lock. Run 'pod install' or update your CocoaPods installation.\" >&2\n    exit 1\nfi\n";
			showEnvVarsInLog = 0;
		};
/* End PBXShellScriptBuildPhase section */

/* Begin PBXSourcesBuildPhase section */
		189436991ED537AE00F5DA3D /* Sources */ = {
			isa = PBXSourcesBuildPhase;
			buildActionMask = 2147483647;
			files = (
				189436A11ED537AE00F5DA3D /* AppDelegate.swift in Sources */,
				189436BD1ED5407A00F5DA3D /* SignInVC.swift in Sources */,
			);
			runOnlyForDeploymentPostprocessing = 0;
		};
/* End PBXSourcesBuildPhase section */

/* Begin PBXVariantGroup section */
		189436A41ED537AE00F5DA3D /* Main.storyboard */ = {
			isa = PBXVariantGroup;
			children = (
				189436A51ED537AE00F5DA3D /* Base */,
			);
			name = Main.storyboard;
			sourceTree = "<group>";
		};
		189436A91ED537AE00F5DA3D /* LaunchScreen.storyboard */ = {
			isa = PBXVariantGroup;
			children = (
				189436AA1ED537AE00F5DA3D /* Base */,
			);
			name = LaunchScreen.storyboard;
			sourceTree = "<group>";
		};
/* End PBXVariantGroup section */

/* Begin XCBuildConfiguration section */
		189436AD1ED537AE00F5DA3D /* Debug */ = {
			isa = XCBuildConfiguration;
			buildSettings = {
				ALWAYS_SEARCH_USER_PATHS = NO;
				CLANG_ANALYZER_NONNULL = YES;
				CLANG_ANALYZER_NUMBER_OBJECT_CONVERSION = YES_AGGRESSIVE;
				CLANG_CXX_LANGUAGE_STANDARD = "gnu++0x";
				CLANG_CXX_LIBRARY = "libc++";
				CLANG_ENABLE_MODULES = YES;
				CLANG_ENABLE_OBJC_ARC = YES;
				CLANG_WARN_BOOL_CONVERSION = YES;
				CLANG_WARN_CONSTANT_CONVERSION = YES;
				CLANG_WARN_DIRECT_OBJC_ISA_USAGE = YES_ERROR;
				CLANG_WARN_DOCUMENTATION_COMMENTS = YES;
				CLANG_WARN_EMPTY_BODY = YES;
				CLANG_WARN_ENUM_CONVERSION = YES;
				CLANG_WARN_INFINITE_RECURSION = YES;
				CLANG_WARN_INT_CONVERSION = YES;
				CLANG_WARN_OBJC_ROOT_CLASS = YES_ERROR;
				CLANG_WARN_SUSPICIOUS_MOVE = YES;
				CLANG_WARN_UNREACHABLE_CODE = YES;
				CLANG_WARN__DUPLICATE_METHOD_MATCH = YES;
				"CODE_SIGN_IDENTITY[sdk=iphoneos*]" = "iPhone Developer";
				COPY_PHASE_STRIP = NO;
				DEBUG_INFORMATION_FORMAT = dwarf;
				ENABLE_STRICT_OBJC_MSGSEND = YES;
				ENABLE_TESTABILITY = YES;
				GCC_C_LANGUAGE_STANDARD = gnu99;
				GCC_DYNAMIC_NO_PIC = NO;
				GCC_NO_COMMON_BLOCKS = YES;
				GCC_OPTIMIZATION_LEVEL = 0;
				GCC_PREPROCESSOR_DEFINITIONS = (
					"DEBUG=1",
					"$(inherited)",
				);
				GCC_WARN_64_TO_32_BIT_CONVERSION = YES;
				GCC_WARN_ABOUT_RETURN_TYPE = YES_ERROR;
				GCC_WARN_UNDECLARED_SELECTOR = YES;
				GCC_WARN_UNINITIALIZED_AUTOS = YES_AGGRESSIVE;
				GCC_WARN_UNUSED_FUNCTION = YES;
				GCC_WARN_UNUSED_VARIABLE = YES;
				IPHONEOS_DEPLOYMENT_TARGET = 10.3;
				MTL_ENABLE_DEBUG_INFO = YES;
				ONLY_ACTIVE_ARCH = YES;
				SDKROOT = iphoneos;
				SWIFT_ACTIVE_COMPILATION_CONDITIONS = DEBUG;
				SWIFT_OPTIMIZATION_LEVEL = "-Onone";
				TARGETED_DEVICE_FAMILY = "1,2";
			};
			name = Debug;
		};
		189436AE1ED537AE00F5DA3D /* Release */ = {
			isa = XCBuildConfiguration;
			buildSettings = {
				ALWAYS_SEARCH_USER_PATHS = NO;
				CLANG_ANALYZER_NONNULL = YES;
				CLANG_ANALYZER_NUMBER_OBJECT_CONVERSION = YES_AGGRESSIVE;
				CLANG_CXX_LANGUAGE_STANDARD = "gnu++0x";
				CLANG_CXX_LIBRARY = "libc++";
				CLANG_ENABLE_MODULES = YES;
				CLANG_ENABLE_OBJC_ARC = YES;
				CLANG_WARN_BOOL_CONVERSION = YES;
				CLANG_WARN_CONSTANT_CONVERSION = YES;
				CLANG_WARN_DIRECT_OBJC_ISA_USAGE = YES_ERROR;
				CLANG_WARN_DOCUMENTATION_COMMENTS = YES;
				CLANG_WARN_EMPTY_BODY = YES;
				CLANG_WARN_ENUM_CONVERSION = YES;
				CLANG_WARN_INFINITE_RECURSION = YES;
				CLANG_WARN_INT_CONVERSION = YES;
				CLANG_WARN_OBJC_ROOT_CLASS = YES_ERROR;
				CLANG_WARN_SUSPICIOUS_MOVE = YES;
				CLANG_WARN_UNREACHABLE_CODE = YES;
				CLANG_WARN__DUPLICATE_METHOD_MATCH = YES;
				"CODE_SIGN_IDENTITY[sdk=iphoneos*]" = "iPhone Developer";
				COPY_PHASE_STRIP = NO;
				DEBUG_INFORMATION_FORMAT = "dwarf-with-dsym";
				ENABLE_NS_ASSERTIONS = NO;
				ENABLE_STRICT_OBJC_MSGSEND = YES;
				GCC_C_LANGUAGE_STANDARD = gnu99;
				GCC_NO_COMMON_BLOCKS = YES;
				GCC_WARN_64_TO_32_BIT_CONVERSION = YES;
				GCC_WARN_ABOUT_RETURN_TYPE = YES_ERROR;
				GCC_WARN_UNDECLARED_SELECTOR = YES;
				GCC_WARN_UNINITIALIZED_AUTOS = YES_AGGRESSIVE;
				GCC_WARN_UNUSED_FUNCTION = YES;
				GCC_WARN_UNUSED_VARIABLE = YES;
				IPHONEOS_DEPLOYMENT_TARGET = 10.3;
				MTL_ENABLE_DEBUG_INFO = NO;
				SDKROOT = iphoneos;
				SWIFT_OPTIMIZATION_LEVEL = "-Owholemodule";
				TARGETED_DEVICE_FAMILY = "1,2";
				VALIDATE_PRODUCT = YES;
			};
			name = Release;
		};
		189436B01ED537AE00F5DA3D /* Debug */ = {
			isa = XCBuildConfiguration;
			baseConfigurationReference = B4D823D76F0F2FE22776F8AB /* Pods-UberDriverApp.debug.xcconfig */;
			buildSettings = {
				ASSETCATALOG_COMPILER_APPICON_NAME = AppIcon;
				DEVELOPMENT_TEAM = GV76VP4G8V;
				INFOPLIST_FILE = UberDriverApp/Info.plist;
				LD_RUNPATH_SEARCH_PATHS = "$(inherited) @executable_path/Frameworks";
				PRODUCT_BUNDLE_IDENTIFIER = com.WadeSellers.UberDriverApp;
				PRODUCT_NAME = "$(TARGET_NAME)";
				SWIFT_VERSION = 3.0;
			};
			name = Debug;
		};
		189436B11ED537AE00F5DA3D /* Release */ = {
			isa = XCBuildConfiguration;
			baseConfigurationReference = 2CD93A05ECCDC6E8E9A5915B /* Pods-UberDriverApp.release.xcconfig */;
			buildSettings = {
				ASSETCATALOG_COMPILER_APPICON_NAME = AppIcon;
				DEVELOPMENT_TEAM = GV76VP4G8V;
				INFOPLIST_FILE = UberDriverApp/Info.plist;
				LD_RUNPATH_SEARCH_PATHS = "$(inherited) @executable_path/Frameworks";
				PRODUCT_BUNDLE_IDENTIFIER = com.WadeSellers.UberDriverApp;
				PRODUCT_NAME = "$(TARGET_NAME)";
				SWIFT_VERSION = 3.0;
			};
			name = Release;
		};
/* End XCBuildConfiguration section */

/* Begin XCConfigurationList section */
		189436981ED537AE00F5DA3D /* Build configuration list for PBXProject "UberDriverApp" */ = {
			isa = XCConfigurationList;
			buildConfigurations = (
				189436AD1ED537AE00F5DA3D /* Debug */,
				189436AE1ED537AE00F5DA3D /* Release */,
			);
			defaultConfigurationIsVisible = 0;
			defaultConfigurationName = Release;
		};
		189436AF1ED537AE00F5DA3D /* Build configuration list for PBXNativeTarget "UberDriverApp" */ = {
			isa = XCConfigurationList;
			buildConfigurations = (
				189436B01ED537AE00F5DA3D /* Debug */,
				189436B11ED537AE00F5DA3D /* Release */,
			);
			defaultConfigurationIsVisible = 0;
		};
/* End XCConfigurationList section */
	};
	rootObject = 189436951ED537AE00F5DA3D /* Project object */;
}
